// !$*UTF8*$!
{
	archiveVersion = 1;
	classes = {
	};
	objectVersion = 55;
	objects = {

/* Begin PBXBuildFile section */
		301381502997E1BB004E4313 /* UrunCVCViewController.swift in Sources */ = {isa = PBXBuildFile; fileRef = 3013814F2997E1BB004E4313 /* UrunCVCViewController.swift */; };
		303E9089298D2B120088EE36 /* AppDelegate.swift in Sources */ = {isa = PBXBuildFile; fileRef = 303E9088298D2B120088EE36 /* AppDelegate.swift */; };
		303E908B298D2B120088EE36 /* SceneDelegate.swift in Sources */ = {isa = PBXBuildFile; fileRef = 303E908A298D2B120088EE36 /* SceneDelegate.swift */; };
		303E908D298D2B120088EE36 /* ViewController.swift in Sources */ = {isa = PBXBuildFile; fileRef = 303E908C298D2B120088EE36 /* ViewController.swift */; };
		303E9090298D2B120088EE36 /* Main.storyboard in Resources */ = {isa = PBXBuildFile; fileRef = 303E908E298D2B120088EE36 /* Main.storyboard */; };
		303E9092298D2B130088EE36 /* Assets.xcassets in Resources */ = {isa = PBXBuildFile; fileRef = 303E9091298D2B130088EE36 /* Assets.xcassets */; };
		303E9095298D2B130088EE36 /* LaunchScreen.storyboard in Resources */ = {isa = PBXBuildFile; fileRef = 303E9093298D2B130088EE36 /* LaunchScreen.storyboard */; };
		30472F9029A3DF4700EBC88C /* BolumLabViewController.swift in Sources */ = {isa = PBXBuildFile; fileRef = 30472F8F29A3DF4700EBC88C /* BolumLabViewController.swift */; };
		30472F9329A3E1EA00EBC88C /* SatirTableViewCell.swift in Sources */ = {isa = PBXBuildFile; fileRef = 30472F9129A3E1EA00EBC88C /* SatirTableViewCell.swift */; };
		30472F9429A3E1EA00EBC88C /* SatirTableViewCell.xib in Resources */ = {isa = PBXBuildFile; fileRef = 30472F9229A3E1EA00EBC88C /* SatirTableViewCell.xib */; };
		30639D5029A6606300485C21 /* AyarlarViewController.swift in Sources */ = {isa = PBXBuildFile; fileRef = 30639D4F29A6606300485C21 /* AyarlarViewController.swift */; };
		30639D5229A673B700485C21 /* Ayarlar.swift in Sources */ = {isa = PBXBuildFile; fileRef = 30639D5129A673B700485C21 /* Ayarlar.swift */; };
		306C74482995748F009E5CBD /* ColumnFlowLayout.swift in Sources */ = {isa = PBXBuildFile; fileRef = 306C74472995748F009E5CBD /* ColumnFlowLayout.swift */; };
		307396A12992A99000C22D7E /* Kisi.swift in Sources */ = {isa = PBXBuildFile; fileRef = 307396A02992A99000C22D7E /* Kisi.swift */; };
		307396A42992AADF00C22D7E /* KisiTableViewCell.swift in Sources */ = {isa = PBXBuildFile; fileRef = 307396A22992AADF00C22D7E /* KisiTableViewCell.swift */; };
		307396A52992AADF00C22D7E /* KisiTableViewCell.xib in Resources */ = {isa = PBXBuildFile; fileRef = 307396A32992AADF00C22D7E /* KisiTableViewCell.xib */; };
		307396A72992BFBA00C22D7E /* ViewController2.swift in Sources */ = {isa = PBXBuildFile; fileRef = 307396A62992BFBA00C22D7E /* ViewController2.swift */; };
		30A5E47F29A3EB2900FF378B /* makale.swift in Sources */ = {isa = PBXBuildFile; fileRef = 30A5E47E29A3EB2900FF378B /* makale.swift */; };
		30B0F7AD2993E73000F8A0EA /* OzelCVC.swift in Sources */ = {isa = PBXBuildFile; fileRef = 30B0F7AB2993E73000F8A0EA /* OzelCVC.swift */; };
		30B0F7AE2993E73000F8A0EA /* OzelCVC.xib in Resources */ = {isa = PBXBuildFile; fileRef = 30B0F7AC2993E73000F8A0EA /* OzelCVC.xib */; };
		30B0F7B02993E85100F8A0EA /* CVCViewController.swift in Sources */ = {isa = PBXBuildFile; fileRef = 30B0F7AF2993E85100F8A0EA /* CVCViewController.swift */; };
		30B6084329969D4A001E29BA /* Urun.swift in Sources */ = {isa = PBXBuildFile; fileRef = 30B6084229969D4A001E29BA /* Urun.swift */; };
		30B6084629969E46001E29BA /* UrunCollectionViewCell.swift in Sources */ = {isa = PBXBuildFile; fileRef = 30B6084429969E46001E29BA /* UrunCollectionViewCell.swift */; };
		30B6084729969E46001E29BA /* UrunCollectionViewCell.xib in Resources */ = {isa = PBXBuildFile; fileRef = 30B6084529969E46001E29BA /* UrunCollectionViewCell.xib */; };
		30CB7ABB299A5A8D003446B3 /* TVSayfalamaViewController.swift in Sources */ = {isa = PBXBuildFile; fileRef = 30CB7ABA299A5A8D003446B3 /* TVSayfalamaViewController.swift */; };
/* End PBXBuildFile section */

/* Begin PBXFileReference section */
		3013814F2997E1BB004E4313 /* UrunCVCViewController.swift */ = {isa = PBXFileReference; lastKnownFileType = sourcecode.swift; path = UrunCVCViewController.swift; sourceTree = "<group>"; };
		303E9085298D2B120088EE36 /* 05ListelemeTableViewContViewController.app */ = {isa = PBXFileReference; explicitFileType = wrapper.application; includeInIndex = 0; path = 05ListelemeTableViewContViewController.app; sourceTree = BUILT_PRODUCTS_DIR; };
		303E9088298D2B120088EE36 /* AppDelegate.swift */ = {isa = PBXFileReference; lastKnownFileType = sourcecode.swift; path = AppDelegate.swift; sourceTree = "<group>"; };
		303E908A298D2B120088EE36 /* SceneDelegate.swift */ = {isa = PBXFileReference; lastKnownFileType = sourcecode.swift; path = SceneDelegate.swift; sourceTree = "<group>"; };
		303E908C298D2B120088EE36 /* ViewController.swift */ = {isa = PBXFileReference; lastKnownFileType = sourcecode.swift; path = ViewController.swift; sourceTree = "<group>"; };
		303E908F298D2B120088EE36 /* Base */ = {isa = PBXFileReference; lastKnownFileType = file.storyboard; name = Base; path = Base.lproj/Main.storyboard; sourceTree = "<group>"; };
		303E9091298D2B130088EE36 /* Assets.xcassets */ = {isa = PBXFileReference; lastKnownFileType = folder.assetcatalog; path = Assets.xcassets; sourceTree = "<group>"; };
		303E9094298D2B130088EE36 /* Base */ = {isa = PBXFileReference; lastKnownFileType = file.storyboard; name = Base; path = Base.lproj/LaunchScreen.storyboard; sourceTree = "<group>"; };
		303E9096298D2B130088EE36 /* Info.plist */ = {isa = PBXFileReference; lastKnownFileType = text.plist.xml; path = Info.plist; sourceTree = "<group>"; };
		30472F8F29A3DF4700EBC88C /* BolumLabViewController.swift */ = {isa = PBXFileReference; lastKnownFileType = sourcecode.swift; path = BolumLabViewController.swift; sourceTree = "<group>"; };
		30472F9129A3E1EA00EBC88C /* SatirTableViewCell.swift */ = {isa = PBXFileReference; lastKnownFileType = sourcecode.swift; path = SatirTableViewCell.swift; sourceTree = "<group>"; };
		30472F9229A3E1EA00EBC88C /* SatirTableViewCell.xib */ = {isa = PBXFileReference; lastKnownFileType = file.xib; path = SatirTableViewCell.xib; sourceTree = "<group>"; };
		30639D4F29A6606300485C21 /* AyarlarViewController.swift */ = {isa = PBXFileReference; lastKnownFileType = sourcecode.swift; path = AyarlarViewController.swift; sourceTree = "<group>"; };
		30639D5129A673B700485C21 /* Ayarlar.swift */ = {isa = PBXFileReference; lastKnownFileType = sourcecode.swift; path = Ayarlar.swift; sourceTree = "<group>"; };
		306C74472995748F009E5CBD /* ColumnFlowLayout.swift */ = {isa = PBXFileReference; lastKnownFileType = sourcecode.swift; path = ColumnFlowLayout.swift; sourceTree = "<group>"; };
		307396A02992A99000C22D7E /* Kisi.swift */ = {isa = PBXFileReference; lastKnownFileType = sourcecode.swift; path = Kisi.swift; sourceTree = "<group>"; };
		307396A22992AADF00C22D7E /* KisiTableViewCell.swift */ = {isa = PBXFileReference; lastKnownFileType = sourcecode.swift; path = KisiTableViewCell.swift; sourceTree = "<group>"; };
		307396A32992AADF00C22D7E /* KisiTableViewCell.xib */ = {isa = PBXFileReference; lastKnownFileType = file.xib; path = KisiTableViewCell.xib; sourceTree = "<group>"; };
		307396A62992BFBA00C22D7E /* ViewController2.swift */ = {isa = PBXFileReference; lastKnownFileType = sourcecode.swift; path = ViewController2.swift; sourceTree = "<group>"; };
		30A5E47E29A3EB2900FF378B /* makale.swift */ = {isa = PBXFileReference; lastKnownFileType = sourcecode.swift; path = makale.swift; sourceTree = "<group>"; };
		30B0F7AB2993E73000F8A0EA /* OzelCVC.swift */ = {isa = PBXFileReference; lastKnownFileType = sourcecode.swift; path = OzelCVC.swift; sourceTree = "<group>"; };
		30B0F7AC2993E73000F8A0EA /* OzelCVC.xib */ = {isa = PBXFileReference; lastKnownFileType = file.xib; path = OzelCVC.xib; sourceTree = "<group>"; };
		30B0F7AF2993E85100F8A0EA /* CVCViewController.swift */ = {isa = PBXFileReference; lastKnownFileType = sourcecode.swift; path = CVCViewController.swift; sourceTree = "<group>"; };
		30B6084229969D4A001E29BA /* Urun.swift */ = {isa = PBXFileReference; lastKnownFileType = sourcecode.swift; path = Urun.swift; sourceTree = "<group>"; };
		30B6084429969E46001E29BA /* UrunCollectionViewCell.swift */ = {isa = PBXFileReference; lastKnownFileType = sourcecode.swift; path = UrunCollectionViewCell.swift; sourceTree = "<group>"; };
		30B6084529969E46001E29BA /* UrunCollectionViewCell.xib */ = {isa = PBXFileReference; lastKnownFileType = file.xib; path = UrunCollectionViewCell.xib; sourceTree = "<group>"; };
		30CB7ABA299A5A8D003446B3 /* TVSayfalamaViewController.swift */ = {isa = PBXFileReference; lastKnownFileType = sourcecode.swift; path = TVSayfalamaViewController.swift; sourceTree = "<group>"; };
/* End PBXFileReference section */

/* Begin PBXFrameworksBuildPhase section */
		303E9082298D2B120088EE36 /* Frameworks */ = {
			isa = PBXFrameworksBuildPhase;
			buildActionMask = 2147483647;
			files = (
			);
			runOnlyForDeploymentPostprocessing = 0;
		};
/* End PBXFrameworksBuildPhase section */

/* Begin PBXGroup section */
		303E907C298D2B120088EE36 = {
			isa = PBXGroup;
			children = (
				303E9087298D2B120088EE36 /* 05ListelemeTableViewContViewController */,
				303E9086298D2B120088EE36 /* Products */,
			);
			sourceTree = "<group>";
		};
		303E9086298D2B120088EE36 /* Products */ = {
			isa = PBXGroup;
			children = (
				303E9085298D2B120088EE36 /* 05ListelemeTableViewContViewController.app */,
			);
			name = Products;
			sourceTree = "<group>";
		};
		303E9087298D2B120088EE36 /* 05ListelemeTableViewContViewController */ = {
			isa = PBXGroup;
			children = (
				303E9088298D2B120088EE36 /* AppDelegate.swift */,
				303E908A298D2B120088EE36 /* SceneDelegate.swift */,
				303E908C298D2B120088EE36 /* ViewController.swift */,
				303E908E298D2B120088EE36 /* Main.storyboard */,
				303E9091298D2B130088EE36 /* Assets.xcassets */,
				303E9093298D2B130088EE36 /* LaunchScreen.storyboard */,
				303E9096298D2B130088EE36 /* Info.plist */,
				307396A02992A99000C22D7E /* Kisi.swift */,
				307396A22992AADF00C22D7E /* KisiTableViewCell.swift */,
				307396A32992AADF00C22D7E /* KisiTableViewCell.xib */,
				307396A62992BFBA00C22D7E /* ViewController2.swift */,
				30B0F7AB2993E73000F8A0EA /* OzelCVC.swift */,
				30B0F7AC2993E73000F8A0EA /* OzelCVC.xib */,
				30B0F7AF2993E85100F8A0EA /* CVCViewController.swift */,
				306C74472995748F009E5CBD /* ColumnFlowLayout.swift */,
				30B6084229969D4A001E29BA /* Urun.swift */,
				30B6084429969E46001E29BA /* UrunCollectionViewCell.swift */,
				30B6084529969E46001E29BA /* UrunCollectionViewCell.xib */,
				3013814F2997E1BB004E4313 /* UrunCVCViewController.swift */,
				30CB7ABA299A5A8D003446B3 /* TVSayfalamaViewController.swift */,
				30472F8F29A3DF4700EBC88C /* BolumLabViewController.swift */,
				30472F9129A3E1EA00EBC88C /* SatirTableViewCell.swift */,
				30472F9229A3E1EA00EBC88C /* SatirTableViewCell.xib */,
				30A5E47E29A3EB2900FF378B /* makale.swift */,
				30639D4F29A6606300485C21 /* AyarlarViewController.swift */,
				30639D5129A673B700485C21 /* Ayarlar.swift */,
			);
			path = 05ListelemeTableViewContViewController;
			sourceTree = "<group>";
		};
/* End PBXGroup section */

/* Begin PBXNativeTarget section */
		303E9084298D2B120088EE36 /* 05ListelemeTableViewContViewController */ = {
			isa = PBXNativeTarget;
			buildConfigurationList = 303E9099298D2B130088EE36 /* Build configuration list for PBXNativeTarget "05ListelemeTableViewContViewController" */;
			buildPhases = (
				303E9081298D2B120088EE36 /* Sources */,
				303E9082298D2B120088EE36 /* Frameworks */,
				303E9083298D2B120088EE36 /* Resources */,
			);
			buildRules = (
			);
			dependencies = (
			);
			name = 05ListelemeTableViewContViewController;
			productName = 05ListelemeTableViewContViewController;
			productReference = 303E9085298D2B120088EE36 /* 05ListelemeTableViewContViewController.app */;
			productType = "com.apple.product-type.application";
		};
/* End PBXNativeTarget section */

/* Begin PBXProject section */
		303E907D298D2B120088EE36 /* Project object */ = {
			isa = PBXProject;
			attributes = {
				BuildIndependentTargetsInParallel = 1;
				LastSwiftUpdateCheck = 1320;
				LastUpgradeCheck = 1320;
				TargetAttributes = {
					303E9084298D2B120088EE36 = {
						CreatedOnToolsVersion = 13.2;
					};
				};
			};
			buildConfigurationList = 303E9080298D2B120088EE36 /* Build configuration list for PBXProject "05ListelemeTableViewContViewController" */;
			compatibilityVersion = "Xcode 13.0";
			developmentRegion = en;
			hasScannedForEncodings = 0;
			knownRegions = (
				en,
				Base,
			);
			mainGroup = 303E907C298D2B120088EE36;
			productRefGroup = 303E9086298D2B120088EE36 /* Products */;
			projectDirPath = "";
			projectRoot = "";
			targets = (
				303E9084298D2B120088EE36 /* 05ListelemeTableViewContViewController */,
			);
		};
/* End PBXProject section */

/* Begin PBXResourcesBuildPhase section */
		303E9083298D2B120088EE36 /* Resources */ = {
			isa = PBXResourcesBuildPhase;
			buildActionMask = 2147483647;
			files = (
				30B6084729969E46001E29BA /* UrunCollectionViewCell.xib in Resources */,
				30B0F7AE2993E73000F8A0EA /* OzelCVC.xib in Resources */,
				303E9095298D2B130088EE36 /* LaunchScreen.storyboard in Resources */,
				307396A52992AADF00C22D7E /* KisiTableViewCell.xib in Resources */,
				303E9092298D2B130088EE36 /* Assets.xcassets in Resources */,
				30472F9429A3E1EA00EBC88C /* SatirTableViewCell.xib in Resources */,
				303E9090298D2B120088EE36 /* Main.storyboard in Resources */,
			);
			runOnlyForDeploymentPostprocessing = 0;
		};
/* End PBXResourcesBuildPhase section */

/* Begin PBXSourcesBuildPhase section */
		303E9081298D2B120088EE36 /* Sources */ = {
			isa = PBXSourcesBuildPhase;
			buildActionMask = 2147483647;
			files = (
				303E908D298D2B120088EE36 /* ViewController.swift in Sources */,
				306C74482995748F009E5CBD /* ColumnFlowLayout.swift in Sources */,
				30A5E47F29A3EB2900FF378B /* makale.swift in Sources */,
				30472F9329A3E1EA00EBC88C /* SatirTableViewCell.swift in Sources */,
				30B0F7AD2993E73000F8A0EA /* OzelCVC.swift in Sources */,
				301381502997E1BB004E4313 /* UrunCVCViewController.swift in Sources */,
				30B6084629969E46001E29BA /* UrunCollectionViewCell.swift in Sources */,
				307396A12992A99000C22D7E /* Kisi.swift in Sources */,
				30472F9029A3DF4700EBC88C /* BolumLabViewController.swift in Sources */,
				30639D5029A6606300485C21 /* AyarlarViewController.swift in Sources */,
				30639D5229A673B700485C21 /* Ayarlar.swift in Sources */,
				303E9089298D2B120088EE36 /* AppDelegate.swift in Sources */,
				307396A42992AADF00C22D7E /* KisiTableViewCell.swift in Sources */,
				30B0F7B02993E85100F8A0EA /* CVCViewController.swift in Sources */,
				303E908B298D2B120088EE36 /* SceneDelegate.swift in Sources */,
				307396A72992BFBA00C22D7E /* ViewController2.swift in Sources */,
				30B6084329969D4A001E29BA /* Urun.swift in Sources */,
				30CB7ABB299A5A8D003446B3 /* TVSayfalamaViewController.swift in Sources */,
			);
			runOnlyForDeploymentPostprocessing = 0;
		};
/* End PBXSourcesBuildPhase section */

/* Begin PBXVariantGroup section */
		303E908E298D2B120088EE36 /* Main.storyboard */ = {
			isa = PBXVariantGroup;
			children = (
				303E908F298D2B120088EE36 /* Base */,
			);
			name = Main.storyboard;
			sourceTree = "<group>";
		};
		303E9093298D2B130088EE36 /* LaunchScreen.storyboard */ = {
			isa = PBXVariantGroup;
			children = (
				303E9094298D2B130088EE36 /* Base */,
			);
			name = LaunchScreen.storyboard;
			sourceTree = "<group>";
		};
/* End PBXVariantGroup section */

/* Begin XCBuildConfiguration section */
		303E9097298D2B130088EE36 /* Debug */ = {
			isa = XCBuildConfiguration;
			buildSettings = {
				ALWAYS_SEARCH_USER_PATHS = NO;
				CLANG_ANALYZER_NONNULL = YES;
				CLANG_ANALYZER_NUMBER_OBJECT_CONVERSION = YES_AGGRESSIVE;
				CLANG_CXX_LANGUAGE_STANDARD = "gnu++17";
				CLANG_CXX_LIBRARY = "libc++";
				CLANG_ENABLE_MODULES = YES;
				CLANG_ENABLE_OBJC_ARC = YES;
				CLANG_ENABLE_OBJC_WEAK = YES;
				CLANG_WARN_BLOCK_CAPTURE_AUTORELEASING = YES;
				CLANG_WARN_BOOL_CONVERSION = YES;
				CLANG_WARN_COMMA = YES;
				CLANG_WARN_CONSTANT_CONVERSION = YES;
				CLANG_WARN_DEPRECATED_OBJC_IMPLEMENTATIONS = YES;
				CLANG_WARN_DIRECT_OBJC_ISA_USAGE = YES_ERROR;
				CLANG_WARN_DOCUMENTATION_COMMENTS = YES;
				CLANG_WARN_EMPTY_BODY = YES;
				CLANG_WARN_ENUM_CONVERSION = YES;
				CLANG_WARN_INFINITE_RECURSION = YES;
				CLANG_WARN_INT_CONVERSION = YES;
				CLANG_WARN_NON_LITERAL_NULL_CONVERSION = YES;
				CLANG_WARN_OBJC_IMPLICIT_RETAIN_SELF = YES;
				CLANG_WARN_OBJC_LITERAL_CONVERSION = YES;
				CLANG_WARN_OBJC_ROOT_CLASS = YES_ERROR;
				CLANG_WARN_QUOTED_INCLUDE_IN_FRAMEWORK_HEADER = YES;
				CLANG_WARN_RANGE_LOOP_ANALYSIS = YES;
				CLANG_WARN_STRICT_PROTOTYPES = YES;
				CLANG_WARN_SUSPICIOUS_MOVE = YES;
				CLANG_WARN_UNGUARDED_AVAILABILITY = YES_AGGRESSIVE;
				CLANG_WARN_UNREACHABLE_CODE = YES;
				CLANG_WARN__DUPLICATE_METHOD_MATCH = YES;
				COPY_PHASE_STRIP = NO;
				DEBUG_INFORMATION_FORMAT = dwarf;
				ENABLE_STRICT_OBJC_MSGSEND = YES;
				ENABLE_TESTABILITY = YES;
				GCC_C_LANGUAGE_STANDARD = gnu11;
				GCC_DYNAMIC_NO_PIC = NO;
				GCC_NO_COMMON_BLOCKS = YES;
				GCC_OPTIMIZATION_LEVEL = 0;
				GCC_PREPROCESSOR_DEFINITIONS = (
					"DEBUG=1",
					"$(inherited)",
				);
				GCC_WARN_64_TO_32_BIT_CONVERSION = YES;
				GCC_WARN_ABOUT_RETURN_TYPE = YES_ERROR;
				GCC_WARN_UNDECLARED_SELECTOR = YES;
				GCC_WARN_UNINITIALIZED_AUTOS = YES_AGGRESSIVE;
				GCC_WARN_UNUSED_FUNCTION = YES;
				GCC_WARN_UNUSED_VARIABLE = YES;
				IPHONEOS_DEPLOYMENT_TARGET = 15.2;
				MTL_ENABLE_DEBUG_INFO = INCLUDE_SOURCE;
				MTL_FAST_MATH = YES;
				ONLY_ACTIVE_ARCH = YES;
				SDKROOT = iphoneos;
				SWIFT_ACTIVE_COMPILATION_CONDITIONS = DEBUG;
				SWIFT_OPTIMIZATION_LEVEL = "-Onone";
			};
			name = Debug;
		};
		303E9098298D2B130088EE36 /* Release */ = {
			isa = XCBuildConfiguration;
			buildSettings = {
				ALWAYS_SEARCH_USER_PATHS = NO;
				CLANG_ANALYZER_NONNULL = YES;
				CLANG_ANALYZER_NUMBER_OBJECT_CONVERSION = YES_AGGRESSIVE;
				CLANG_CXX_LANGUAGE_STANDARD = "gnu++17";
				CLANG_CXX_LIBRARY = "libc++";
				CLANG_ENABLE_MODULES = YES;
				CLANG_ENABLE_OBJC_ARC = YES;
				CLANG_ENABLE_OBJC_WEAK = YES;
				CLANG_WARN_BLOCK_CAPTURE_AUTORELEASING = YES;
				CLANG_WARN_BOOL_CONVERSION = YES;
				CLANG_WARN_COMMA = YES;
				CLANG_WARN_CONSTANT_CONVERSION = YES;
				CLANG_WARN_DEPRECATED_OBJC_IMPLEMENTATIONS = YES;
				CLANG_WARN_DIRECT_OBJC_ISA_USAGE = YES_ERROR;
				CLANG_WARN_DOCUMENTATION_COMMENTS = YES;
				CLANG_WARN_EMPTY_BODY = YES;
				CLANG_WARN_ENUM_CONVERSION = YES;
				CLANG_WARN_INFINITE_RECURSION = YES;
				CLANG_WARN_INT_CONVERSION = YES;
				CLANG_WARN_NON_LITERAL_NULL_CONVERSION = YES;
				CLANG_WARN_OBJC_IMPLICIT_RETAIN_SELF = YES;
				CLANG_WARN_OBJC_LITERAL_CONVERSION = YES;
				CLANG_WARN_OBJC_ROOT_CLASS = YES_ERROR;
				CLANG_WARN_QUOTED_INCLUDE_IN_FRAMEWORK_HEADER = YES;
				CLANG_WARN_RANGE_LOOP_ANALYSIS = YES;
				CLANG_WARN_STRICT_PROTOTYPES = YES;
				CLANG_WARN_SUSPICIOUS_MOVE = YES;
				CLANG_WARN_UNGUARDED_AVAILABILITY = YES_AGGRESSIVE;
				CLANG_WARN_UNREACHABLE_CODE = YES;
				CLANG_WARN__DUPLICATE_METHOD_MATCH = YES;
				COPY_PHASE_STRIP = NO;
				DEBUG_INFORMATION_FORMAT = "dwarf-with-dsym";
				ENABLE_NS_ASSERTIONS = NO;
				ENABLE_STRICT_OBJC_MSGSEND = YES;
				GCC_C_LANGUAGE_STANDARD = gnu11;
				GCC_NO_COMMON_BLOCKS = YES;
				GCC_WARN_64_TO_32_BIT_CONVERSION = YES;
				GCC_WARN_ABOUT_RETURN_TYPE = YES_ERROR;
				GCC_WARN_UNDECLARED_SELECTOR = YES;
				GCC_WARN_UNINITIALIZED_AUTOS = YES_AGGRESSIVE;
				GCC_WARN_UNUSED_FUNCTION = YES;
				GCC_WARN_UNUSED_VARIABLE = YES;
				IPHONEOS_DEPLOYMENT_TARGET = 15.2;
				MTL_ENABLE_DEBUG_INFO = NO;
				MTL_FAST_MATH = YES;
				SDKROOT = iphoneos;
				SWIFT_COMPILATION_MODE = wholemodule;
				SWIFT_OPTIMIZATION_LEVEL = "-O";
				VALIDATE_PRODUCT = YES;
			};
			name = Release;
		};
		303E909A298D2B130088EE36 /* Debug */ = {
			isa = XCBuildConfiguration;
			buildSettings = {
				ASSETCATALOG_COMPILER_APPICON_NAME = AppIcon;
				ASSETCATALOG_COMPILER_GLOBAL_ACCENT_COLOR_NAME = AccentColor;
				CODE_SIGN_STYLE = Automatic;
				CURRENT_PROJECT_VERSION = 1;
				DEVELOPMENT_TEAM = KD5ZFZ595T;
				GENERATE_INFOPLIST_FILE = YES;
				INFOPLIST_FILE = 05ListelemeTableViewContViewController/Info.plist;
				INFOPLIST_KEY_UIApplicationSupportsIndirectInputEvents = YES;
				INFOPLIST_KEY_UILaunchStoryboardName = LaunchScreen;
				INFOPLIST_KEY_UIMainStoryboardFile = Main;
				INFOPLIST_KEY_UISupportedInterfaceOrientations_iPad = "UIInterfaceOrientationPortrait UIInterfaceOrientationPortraitUpsideDown UIInterfaceOrientationLandscapeLeft UIInterfaceOrientationLandscapeRight";
				INFOPLIST_KEY_UISupportedInterfaceOrientations_iPhone = "UIInterfaceOrientationPortrait UIInterfaceOrientationLandscapeLeft UIInterfaceOrientationLandscapeRight";
				LD_RUNPATH_SEARCH_PATHS = (
					"$(inherited)",
					"@executable_path/Frameworks",
				);
				MARKETING_VERSION = 1.0;
				PRODUCT_BUNDLE_IDENTIFIER = "com.maytemur.-5ListelemeTableViewContViewController";
				PRODUCT_NAME = "$(TARGET_NAME)";
				SWIFT_EMIT_LOC_STRINGS = YES;
				SWIFT_VERSION = 5.0;
				TARGETED_DEVICE_FAMILY = "1,2";
			};
			name = Debug;
		};
		303E909B298D2B130088EE36 /* Release */ = {
			isa = XCBuildConfiguration;
			buildSettings = {
				ASSETCATALOG_COMPILER_APPICON_NAME = AppIcon;
				ASSETCATALOG_COMPILER_GLOBAL_ACCENT_COLOR_NAME = AccentColor;
				CODE_SIGN_STYLE = Automatic;
				CURRENT_PROJECT_VERSION = 1;
				DEVELOPMENT_TEAM = KD5ZFZ595T;
				GENERATE_INFOPLIST_FILE = YES;
				INFOPLIST_FILE = 05ListelemeTableViewContViewController/Info.plist;
				INFOPLIST_KEY_UIApplicationSupportsIndirectInputEvents = YES;
				INFOPLIST_KEY_UILaunchStoryboardName = LaunchScreen;
				INFOPLIST_KEY_UIMainStoryboardFile = Main;
				INFOPLIST_KEY_UISupportedInterfaceOrientations_iPad = "UIInterfaceOrientationPortrait UIInterfaceOrientationPortraitUpsideDown UIInterfaceOrientationLandscapeLeft UIInterfaceOrientationLandscapeRight";
				INFOPLIST_KEY_UISupportedInterfaceOrientations_iPhone = "UIInterfaceOrientationPortrait UIInterfaceOrientationLandscapeLeft UIInterfaceOrientationLandscapeRight";
				LD_RUNPATH_SEARCH_PATHS = (
					"$(inherited)",
					"@executable_path/Frameworks",
				);
				MARKETING_VERSION = 1.0;
				PRODUCT_BUNDLE_IDENTIFIER = "com.maytemur.-5ListelemeTableViewContViewController";
				PRODUCT_NAME = "$(TARGET_NAME)";
				SWIFT_EMIT_LOC_STRINGS = YES;
				SWIFT_VERSION = 5.0;
				TARGETED_DEVICE_FAMILY = "1,2";
			};
			name = Release;
		};
/* End XCBuildConfiguration section */

/* Begin XCConfigurationList section */
		303E9080298D2B120088EE36 /* Build configuration list for PBXProject "05ListelemeTableViewContViewController" */ = {
			isa = XCConfigurationList;
			buildConfigurations = (
				303E9097298D2B130088EE36 /* Debug */,
				303E9098298D2B130088EE36 /* Release */,
			);
			defaultConfigurationIsVisible = 0;
			defaultConfigurationName = Release;
		};
		303E9099298D2B130088EE36 /* Build configuration list for PBXNativeTarget "05ListelemeTableViewContViewController" */ = {
			isa = XCConfigurationList;
			buildConfigurations = (
				303E909A298D2B130088EE36 /* Debug */,
				303E909B298D2B130088EE36 /* Release */,
			);
			defaultConfigurationIsVisible = 0;
			defaultConfigurationName = Release;
		};
/* End XCConfigurationList section */
	};
	rootObject = 303E907D298D2B120088EE36 /* Project object */;
}
